{
  "name": "Entrega3",
  "lockfileVersion": 2,
  "requires": true,
  "packages": {
    "": {
      "dependencies": {
        "react-native-dropdown-select-list": "^2.0.2",
        "select-list": "^2.2.2"
      }
    },
    "node_modules/react-native-dropdown-select-list": {
      "version": "2.0.2",
      "resolved": "https://registry.npmjs.org/react-native-dropdown-select-list/-/react-native-dropdown-select-list-2.0.2.tgz",
      "integrity": "sha512-dxbhsO6DHxN5Ex5koVIAWO5E9R6ENNzbVjSoBVi8dcQkd1ubD31eCmdJXd4+VzEpXZ2em61kzILqyksRkLtS5w=="
    },
    "node_modules/select-list": {
      "version": "2.2.2",
      "resolved": "https://registry.npmjs.org/select-list/-/select-list-2.2.2.tgz",
      "integrity": "sha512-ZRTcf+5DN/wj/0kCg7PuOM8anZoJauCMFbPquRmuAT3vRQOoWlEHvxABJ0UoPbX9SEwzxyvEG0xxeViigbAr1A=="
    }
  },
  "dependencies": {
    "react-native-dropdown-select-list": {
      "version": "2.0.2",
      "resolved": "https://registry.npmjs.org/react-native-dropdown-select-list/-/react-native-dropdown-select-list-2.0.2.tgz",
      "integrity": "sha512-dxbhsO6DHxN5Ex5koVIAWO5E9R6ENNzbVjSoBVi8dcQkd1ubD31eCmdJXd4+VzEpXZ2em61kzILqyksRkLtS5w=="
    },
    "select-list": {
      "version": "2.2.2",
      "resolved": "https://registry.npmjs.org/select-list/-/select-list-2.2.2.tgz",
      "integrity": "sha512-ZRTcf+5DN/wj/0kCg7PuOM8anZoJauCMFbPquRmuAT3vRQOoWlEHvxABJ0UoPbX9SEwzxyvEG0xxeViigbAr1A=="
    }
  }
}
